
Microsoft Visual Studio Solution File, Format Version 11.00
# Visual Studio 2010
Project("{FAE04EC0-301F-11D3-BF4B-00C04F79EFBC}") = "RasControlWeb", "RasControlWeb\RasControlWeb.csproj", "{9236ED5C-6CDA-42FC-AF65-B3A45CEBA676}"
EndProject
Global
	GlobalSection(SolutionConfigurationPlatforms) = preSolution
		Debug|Any CPU = Debug|Any CPU
		Release|Any CPU = Release|Any CPU
	EndGlobalSection
	GlobalSection(ProjectConfigurationPlatforms) = postSolution
		{9236ED5C-6CDA-42FC-AF65-B3A45CEBA676}.Debug|Any CPU.ActiveCfg = Debug|Any CPU
		{9236ED5C-6CDA-42FC-AF65-B3A45CEBA676}.Debug|Any CPU.Build.0 = Debug|Any CPU
		{9236ED5C-6CDA-42FC-AF65-B3A45CEBA676}.Release|Any CPU.ActiveCfg = Release|Any CPU
		{9236ED5C-6CDA-42FC-AF65-B3A45CEBA676}.Release|Any CPU.Build.0 = Release|Any CPU
	EndGlobalSection
	GlobalSection(SolutionProperties) = preSolution
		HideSolutionNode = FALSE
	EndGlobalSection
	GlobalSection(ExtensibilityGlobals) = postSolution
		VisualSVNWorkingCopyRoot = .
	EndGlobalSection
EndGlobal
